{
  "version": 4,
  "terraform_version": "1.5.7",
  "serial": 9,
  "lineage": "d481c768-9b4f-0556-fbf2-828326f6f6e7",
  "outputs": {},
  "resources": [
    {
      "mode": "managed",
      "type": "google_project",
      "name": "uhaul-project",
      "provider": "provider[\"registry.terraform.io/hashicorp/google\"]",
      "instances": [
        {
          "schema_version": 1,
          "attributes": {
            "auto_create_network": false,
            "billing_account": "01A1CE-4AA0AA-8B56E2",
            "effective_labels": {},
            "folder_id": "",
            "id": "projects/adas-tg2",
            "labels": null,
            "name": "adas-tg2",
            "number": "80420960040",
            "org_id": "334675198776",
            "project_id": "adas-tg2",
            "skip_delete": null,
            "terraform_labels": {},
            "timeouts": null
          },
          "sensitive_attributes": [],
          "private": "eyJlMmJmYjczMC1lY2FhLTExZTYtOGY4OC0zNDM2M2JjN2M0YzAiOnsiY3JlYXRlIjo2MDAwMDAwMDAwMDAsImRlbGV0ZSI6NjAwMDAwMDAwMDAwLCJyZWFkIjo2MDAwMDAwMDAwMDAsInVwZGF0ZSI6NjAwMDAwMDAwMDAwfSwic2NoZW1hX3ZlcnNpb24iOiIxIn0="
        }
      ]
    }
  ],
  "check_results": null
}
